
Microsoft Visual Studio Solution File, Format Version 12.00
# Visual Studio Version 17
VisualStudioVersion = 17.5.33516.290
MinimumVisualStudioVersion = 10.0.40219.1
Project("{FAE04EC0-301F-11D3-BF4B-00C04F79EFBC}") = "Demo_0002_C_Sharp_Methods", "Demo_0002_C_Sharp_Methods.csproj", "{73B6B57C-E7BC-427C-BCB8-4436FC7FEC53}"
EndProject
Global
	GlobalSection(SolutionConfigurationPlatforms) = preSolution
		Debug|Any CPU = Debug|Any CPU
		Release|Any CPU = Release|Any CPU
	EndGlobalSection
	GlobalSection(ProjectConfigurationPlatforms) = postSolution
		{73B6B57C-E7BC-427C-BCB8-4436FC7FEC53}.Debug|Any CPU.ActiveCfg = Debug|Any CPU
		{73B6B57C-E7BC-427C-BCB8-4436FC7FEC53}.Debug|Any CPU.Build.0 = Debug|Any CPU
		{73B6B57C-E7BC-427C-BCB8-4436FC7FEC53}.Release|Any CPU.ActiveCfg = Release|Any CPU
		{73B6B57C-E7BC-427C-BCB8-4436FC7FEC53}.Release|Any CPU.Build.0 = Release|Any CPU
	EndGlobalSection
	GlobalSection(SolutionProperties) = preSolution
		HideSolutionNode = FALSE
	EndGlobalSection
	GlobalSection(ExtensibilityGlobals) = postSolution
		SolutionGuid = {6C36D0D0-B9A6-4CE9-AA25-69CA30424B16}
	EndGlobalSection
EndGlobal
