
Microsoft Visual Studio Solution File, Format Version 12.00
# Visual Studio Version 17
VisualStudioVersion = 17.5.33530.505
MinimumVisualStudioVersion = 10.0.40219.1
Project("{FAE04EC0-301F-11D3-BF4B-00C04F79EFBC}") = "Demo_0013_C_Sharp_Exception_Handling", "Demo_0013_C_Sharp_Exception_Handling.csproj", "{D623CA2D-22F3-4AC3-90A9-B4200D7D99EE}"
EndProject
Global
	GlobalSection(SolutionConfigurationPlatforms) = preSolution
		Debug|Any CPU = Debug|Any CPU
		Release|Any CPU = Release|Any CPU
	EndGlobalSection
	GlobalSection(ProjectConfigurationPlatforms) = postSolution
		{D623CA2D-22F3-4AC3-90A9-B4200D7D99EE}.Debug|Any CPU.ActiveCfg = Debug|Any CPU
		{D623CA2D-22F3-4AC3-90A9-B4200D7D99EE}.Debug|Any CPU.Build.0 = Debug|Any CPU
		{D623CA2D-22F3-4AC3-90A9-B4200D7D99EE}.Release|Any CPU.ActiveCfg = Release|Any CPU
		{D623CA2D-22F3-4AC3-90A9-B4200D7D99EE}.Release|Any CPU.Build.0 = Release|Any CPU
	EndGlobalSection
	GlobalSection(SolutionProperties) = preSolution
		HideSolutionNode = FALSE
	EndGlobalSection
	GlobalSection(ExtensibilityGlobals) = postSolution
		SolutionGuid = {E76635B2-2D87-4DDD-8596-FED8FC14C1EB}
	EndGlobalSection
EndGlobal
