
Microsoft Visual Studio Solution File, Format Version 12.00
# Visual Studio Version 17
VisualStudioVersion = 17.5.33530.505
MinimumVisualStudioVersion = 10.0.40219.1
Project("{FAE04EC0-301F-11D3-BF4B-00C04F79EFBC}") = "Demo_0014_C_Sharp_File_Handling", "Demo_0014_C_Sharp_File_Handling.csproj", "{1AB60259-494E-4D23-A667-0A99918B972A}"
EndProject
Global
	GlobalSection(SolutionConfigurationPlatforms) = preSolution
		Debug|Any CPU = Debug|Any CPU
		Release|Any CPU = Release|Any CPU
	EndGlobalSection
	GlobalSection(ProjectConfigurationPlatforms) = postSolution
		{1AB60259-494E-4D23-A667-0A99918B972A}.Debug|Any CPU.ActiveCfg = Debug|Any CPU
		{1AB60259-494E-4D23-A667-0A99918B972A}.Debug|Any CPU.Build.0 = Debug|Any CPU
		{1AB60259-494E-4D23-A667-0A99918B972A}.Release|Any CPU.ActiveCfg = Release|Any CPU
		{1AB60259-494E-4D23-A667-0A99918B972A}.Release|Any CPU.Build.0 = Release|Any CPU
	EndGlobalSection
	GlobalSection(SolutionProperties) = preSolution
		HideSolutionNode = FALSE
	EndGlobalSection
	GlobalSection(ExtensibilityGlobals) = postSolution
		SolutionGuid = {B3152A0F-4CC8-43E2-82FD-3110FD4306E7}
	EndGlobalSection
EndGlobal
